{
  "version": 4,
  "terraform_version": "1.7.4",
  "serial": 7,
  "lineage": "2e56013f-f82b-988f-ae85-62148788f25e",
  "outputs": {
    "public_ip": {
      "value": "34.135.88.188",
      "type": "string"
    }
  },
  "resources": [
    {
      "mode": "managed",
      "type": "google_compute_firewall",
      "name": "lab_machine_firewall",
      "provider": "provider[\"registry.terraform.io/hashicorp/google\"]",
      "instances": [
        {
          "schema_version": 1,
          "attributes": {
            "allow": [
              {
                "ports": [],
                "protocol": "all"
              }
            ],
            "creation_timestamp": "2024-03-04T22:18:49.002-08:00",
            "deny": [],
            "description": "",
            "destination_ranges": [],
            "direction": "INGRESS",
            "disabled": false,
            "enable_logging": null,
            "id": "projects/playground-s-11-e6f535f7/global/firewalls/ashutosh",
            "log_config": [],
            "name": "ashutosh",
            "network": "https://www.googleapis.com/compute/v1/projects/playground-s-11-e6f535f7/global/networks/default",
            "priority": 1000,
            "project": "playground-s-11-e6f535f7",
            "self_link": "https://www.googleapis.com/compute/v1/projects/playground-s-11-e6f535f7/global/firewalls/ashutosh",
            "source_ranges": [
              "0.0.0.0/0"
            ],
            "source_service_accounts": null,
            "source_tags": null,
            "target_service_accounts": null,
            "target_tags": null,
            "timeouts": null
          },
          "sensitive_attributes": [],
          "private": "eyJlMmJmYjczMC1lY2FhLTExZTYtOGY4OC0zNDM2M2JjN2M0YzAiOnsiY3JlYXRlIjoxMjAwMDAwMDAwMDAwLCJkZWxldGUiOjEyMDAwMDAwMDAwMDAsInVwZGF0ZSI6MTIwMDAwMDAwMDAwMH0sInNjaGVtYV92ZXJzaW9uIjoiMSJ9"
        }
      ]
    },
    {
      "mode": "managed",
      "type": "google_compute_instance",
      "name": "lab-machine",
      "provider": "provider[\"registry.terraform.io/hashicorp/google\"]",
      "instances": [
        {
          "schema_version": 6,
          "attributes": {
            "advanced_machine_features": [],
            "allow_stopping_for_update": null,
            "attached_disk": [],
            "boot_disk": [
              {
                "auto_delete": true,
                "device_name": "persistent-disk-0",
                "disk_encryption_key_raw": "",
                "disk_encryption_key_sha256": "",
                "initialize_params": [
                  {
                    "enable_confidential_compute": false,
                    "image": "https://www.googleapis.com/compute/v1/projects/ubuntu-os-cloud/global/images/ubuntu-2204-jammy-v20240228",
                    "labels": {},
                    "provisioned_iops": 0,
                    "provisioned_throughput": 0,
                    "resource_manager_tags": null,
                    "size": 50,
                    "type": "pd-standard"
                  }
                ],
                "kms_key_self_link": "",
                "mode": "READ_WRITE",
                "source": "https://www.googleapis.com/compute/v1/projects/playground-s-11-e6f535f7/zones/us-central1-a/disks/gitlab-node-ashutosh"
              }
            ],
            "can_ip_forward": false,
            "confidential_instance_config": [],
            "cpu_platform": "Intel Haswell",
            "current_status": "RUNNING",
            "deletion_protection": false,
            "description": "",
            "desired_status": null,
            "effective_labels": {},
            "enable_display": false,
            "guest_accelerator": [],
            "hostname": "",
            "id": "projects/playground-s-11-e6f535f7/zones/us-central1-a/instances/gitlab-node-ashutosh",
            "instance_id": "7456450403120121808",
            "label_fingerprint": "42WmSpB8rSM=",
            "labels": null,
            "machine_type": "custom-2-6400",
            "metadata": {
              "user-data": "#cloud-config\n# Create a group\ngroups:\n  - ubuntu\n\n# Create users, in addition to the users provided by default\nusers:\n  - default\n  - name: ubuntu\n    gecos: ubuntu\n    shell: /bin/bash\n    primary_group: ubuntu\n    sudo: ALL=(ALL) NOPASSWD:ALL\n    groups: users, admin\n    lock_passwd: false\n    ssh_authorized_keys:\n      - \"ssh-rsa AAAAB3NzaC1yc2EAAAADAQABAAABgQC1GyOz13hkwC0vAuomAPBUfiZriE4HCS4vbWY+grhMVz+G6aKxpJF6u23s8JXXHF372xV+oacG/knprwZjzxF3UNClp2CUrkRlbIwfe4VmgHr/TUvl6QRLj4ubc+jVZex/re5rlkEIl6u1fq6HtmUSblDwcJ+Z67lzFevsI/TRzPdraDagzStEat4fN6WdgUG8aN4gLhxy7Lm07IKdiz6DTUUm0XRZfc6UsdtzeH60v4LuOU0IKPduG76zhfNt3P7rWTEKMkayRqPIxmITZIKMZTGqqQu6wyP11tVKWjY7ppWRHGqrN/2EbqG6VZBteTJNYxKTKKV94HhyiVGeCZTgHs3QZN15NWwy8V/I+CkQcK/Nsmum9JWAgvb9cgXUOzSJJMVk/MZsG27Nhzz+Z5uvDfDgOlbYeDBm/v/G8joER1mAILF+UVPRJDd/CMQi/8X26iPJC4mu2gFwX2bO14EHuHsdXV97ApMmC38pddqk1MBX6E0OzdjRDhDPQhV3BCM= ashutoshkharel@Ashutoshs-MacBook-Air.local\"\n\t\t\t# to connect to this account\n# Run a few commands (update apt's repo indexes and install curl)\nruncmd:\n  - sudo apt-get update\n  - sudo apt install curl -q -y\n  - echo \"Done\"\n  # - echo \"ssh-rsa AAAAB3NzaC1yc2EAAAADAQABAAABgQDWv68zjy6/jE7hZzOYmENpVXpFOONlgO+TGRNmepBOEVwpy+KBHxmNU3mNiu6L2f6XX0hQ0KH5MrBR30/Udl8+82by+UG1Nrksa1tinIgDipvkIforn/IabLCee9QLdf5D9lDC94sJkOSF99Pkus4Q+nNqzfp8l5TEGbyT61bx2fsz7adL1oLBOxi/fwfDValSnPjZlglckL/PvWT3kLiVgw6X16XTw3M5k6UJ78coHLG7CTG02WLzVXdwkk7PBfTzj6IRO7WAE8MflP0Jfh57mUHr5sWteJf0prA9PLsNpUK8aGUCI0WhO+bvcweFKJQDeBrlNIxD7LSfGdT8e4tj3d0/qSWc0ZrXteoLZqYI2FT7jWf8G/G0pTVSTlaoioZ5ioZ6OIvC1+gUEf2X5iNFZBoAUtwadHTmJAAuBlWXbYwh6qOUgaGKtoC6f2LioKCK8f0M+di/2cZI05/h9A5R2hsOGu7nuFh8jBWKd85woDFqOoxNlN8N85hp+9UrYV8= gitlab_access\" \u003e /home/ubuntu/.ssh/authorized_keys\n"
            },
            "metadata_fingerprint": "9KM-ZAjJenA=",
            "metadata_startup_script": "#!/bin/bash\n\necho \"Server: compute\" \u003e/tmp/hello.log\n\nif [ -z \"$service\" ]; then\n    echo \"Usage: $0 \u003cservice\u003e\"\n    echo \"Please provide the service name: gitlab or jenkins\"\n    exit 1\nfi\n\n## Create Ansible project\ncd ~\nmkdir -p ansible_compute/vars\necho \"localhost\" \u003e ansible_compute/hosts\ncat \u003e \"ansible_compute/$file_path\" \u003c\u003c EOF\n---\n- name: Install GitLab or Jenkins\n  hosts: all\n  become: true\n\n  vars_files:\n    - vars/main.yml\n\n  vars:\n    jenkins_hostname: jenkins.example.com\n    java_packages:\n      - openjdk-11-jdk\n\n  roles:\n    - name: Install Java\n      when: server == 'jenkins'\n      role: geerlingguy.java\n\n    - name: Install Jenkins\n      when: server == 'jenkins'\n      role: geerlingguy.jenkins\n\n    - name: Install GitLab\n      when: server == 'gitlab'\n      role: geerlingguy.gitlab\nEOF\n\necho \"YAML content has been written to $file_path\"\n\ncase \"$service\" in\n    gitlab)\n        echo \"Starting GitLab...\"\n        ansible-playbook -i inventory.yml playbook.yml -e \"server=gitlab\"\n        \n        ;;\n    jenkins)\n        echo \"Starting Jenkins...\"\n        ansible-playbook -i inventory.yml playbook.yml -e \"server=jenkins\"\n        ;;\n    *)\n        echo \"Unknown service: $service\"\n        echo \"Please provide either 'gitlab' or 'jenkins'\"\n        exit 1\n        ;;\nesac\n",
            "min_cpu_platform": "",
            "name": "gitlab-node-ashutosh",
            "network_interface": [
              {
                "access_config": [
                  {
                    "nat_ip": "34.135.88.188",
                    "network_tier": "PREMIUM",
                    "public_ptr_domain_name": ""
                  }
                ],
                "alias_ip_range": [],
                "internal_ipv6_prefix_length": 0,
                "ipv6_access_config": [],
                "ipv6_access_type": "",
                "ipv6_address": "",
                "name": "nic0",
                "network": "https://www.googleapis.com/compute/v1/projects/playground-s-11-e6f535f7/global/networks/default",
                "network_ip": "10.128.0.5",
                "nic_type": "",
                "queue_count": 0,
                "stack_type": "IPV4_ONLY",
                "subnetwork": "https://www.googleapis.com/compute/v1/projects/playground-s-11-e6f535f7/regions/us-central1/subnetworks/default",
                "subnetwork_project": "playground-s-11-e6f535f7"
              }
            ],
            "network_performance_config": [],
            "params": [],
            "project": "playground-s-11-e6f535f7",
            "reservation_affinity": [],
            "resource_policies": null,
            "scheduling": [
              {
                "automatic_restart": true,
                "instance_termination_action": "",
                "local_ssd_recovery_timeout": [],
                "min_node_cpus": 0,
                "node_affinities": [],
                "on_host_maintenance": "MIGRATE",
                "preemptible": false,
                "provisioning_model": "STANDARD"
              }
            ],
            "scratch_disk": [],
            "self_link": "https://www.googleapis.com/compute/v1/projects/playground-s-11-e6f535f7/zones/us-central1-a/instances/gitlab-node-ashutosh",
            "service_account": [],
            "shielded_instance_config": [
              {
                "enable_integrity_monitoring": true,
                "enable_secure_boot": false,
                "enable_vtpm": true
              }
            ],
            "tags": null,
            "tags_fingerprint": "42WmSpB8rSM=",
            "terraform_labels": {},
            "timeouts": null,
            "zone": "us-central1-a"
          },
          "sensitive_attributes": [],
          "private": "eyJlMmJmYjczMC1lY2FhLTExZTYtOGY4OC0zNDM2M2JjN2M0YzAiOnsiY3JlYXRlIjoxMjAwMDAwMDAwMDAwLCJkZWxldGUiOjEyMDAwMDAwMDAwMDAsInVwZGF0ZSI6MTIwMDAwMDAwMDAwMH0sInNjaGVtYV92ZXJzaW9uIjoiNiJ9"
        }
      ]
    }
  ],
  "check_results": null
}
