{
  "version": 4,
  "terraform_version": "1.7.4",
  "serial": 22,
  "lineage": "bea29a62-e2c9-05e7-128a-607d1dad7888",
  "outputs": {
    "public_ip": {
      "value": "34.31.136.80",
      "type": "string"
    }
  },
  "resources": [
    {
      "mode": "managed",
      "type": "google_compute_firewall",
      "name": "lab_machine_firewall",
      "provider": "provider[\"registry.terraform.io/hashicorp/google\"]",
      "instances": [
        {
          "schema_version": 1,
          "attributes": {
            "allow": [
              {
                "ports": [],
                "protocol": "all"
              }
            ],
            "creation_timestamp": "2024-03-04T20:36:22.061-08:00",
            "deny": [],
            "description": "",
            "destination_ranges": [],
            "direction": "INGRESS",
            "disabled": false,
            "enable_logging": null,
            "id": "projects/playground-s-11-e6f535f7/global/firewalls/allow-all-1",
            "log_config": [],
            "name": "allow-all-1",
            "network": "https://www.googleapis.com/compute/v1/projects/playground-s-11-e6f535f7/global/networks/default",
            "priority": 1000,
            "project": "playground-s-11-e6f535f7",
            "self_link": "https://www.googleapis.com/compute/v1/projects/playground-s-11-e6f535f7/global/firewalls/allow-all-1",
            "source_ranges": [
              "0.0.0.0/0"
            ],
            "source_service_accounts": null,
            "source_tags": null,
            "target_service_accounts": null,
            "target_tags": null,
            "timeouts": null
          },
          "sensitive_attributes": [],
          "private": "eyJlMmJmYjczMC1lY2FhLTExZTYtOGY4OC0zNDM2M2JjN2M0YzAiOnsiY3JlYXRlIjoxMjAwMDAwMDAwMDAwLCJkZWxldGUiOjEyMDAwMDAwMDAwMDAsInVwZGF0ZSI6MTIwMDAwMDAwMDAwMH0sInNjaGVtYV92ZXJzaW9uIjoiMSJ9"
        }
      ]
    },
    {
      "mode": "managed",
      "type": "google_compute_instance",
      "name": "lab-machine",
      "provider": "provider[\"registry.terraform.io/hashicorp/google\"]",
      "instances": [
        {
          "schema_version": 6,
          "attributes": {
            "advanced_machine_features": [],
            "allow_stopping_for_update": true,
            "attached_disk": [],
            "boot_disk": [
              {
                "auto_delete": true,
                "device_name": "persistent-disk-0",
                "disk_encryption_key_raw": "",
                "disk_encryption_key_sha256": "",
                "initialize_params": [
                  {
                    "enable_confidential_compute": false,
                    "image": "https://www.googleapis.com/compute/v1/projects/ubuntu-os-cloud/global/images/ubuntu-2204-jammy-v20240228",
                    "labels": {},
                    "provisioned_iops": 0,
                    "provisioned_throughput": 0,
                    "resource_manager_tags": null,
                    "size": 50,
                    "type": "pd-standard"
                  }
                ],
                "kms_key_self_link": "",
                "mode": "READ_WRITE",
                "source": "https://www.googleapis.com/compute/v1/projects/playground-s-11-e6f535f7/zones/us-central1-a/disks/gitlab-node-luminous"
              }
            ],
            "can_ip_forward": false,
            "confidential_instance_config": [],
            "cpu_platform": "Intel Haswell",
            "current_status": "RUNNING",
            "deletion_protection": false,
            "description": "",
            "desired_status": null,
            "effective_labels": {},
            "enable_display": false,
            "guest_accelerator": [],
            "hostname": "",
            "id": "projects/playground-s-11-e6f535f7/zones/us-central1-a/instances/gitlab-node-luminous",
            "instance_id": "3113581281033265063",
            "label_fingerprint": "42WmSpB8rSM=",
            "labels": null,
            "machine_type": "custom-1-2816",
            "metadata": {
              "user-data": "#cloud-config\r\n# Create a group\r\ngroups:\r\n  - ubuntu\r\n\r\n# Create users, in addition to the users provided by default\r\nusers:\r\n  - default\r\n  - name: ubuntu\r\n    gecos: ubuntu\r\n    shell: /bin/bash\r\n    primary_group: ubuntu\r\n    sudo: ALL=(ALL) NOPASSWD:ALL\r\n    groups: users, admin\r\n    lock_passwd: false\r\n    ssh_authorized_keys:\r\n      - \"ssh-rsa AAAAB3NzaC1yc2EAAAADAQABAAABgQC6H+MFQ0HgJ4wnHvJeHob9a9Zwj55hWVFzOMCoI0ueSP86tQbg8UBIrKRU1MFTNb40TXVHIFsCpy/e1ZuAzyu8iME5mTU6FYZPlMEc/ZeEW7YFCFJ8cnx/eTxVN1jVt2fjKXE27pC/AWf9aVL/bnHknWX5WekTTFBWqRSF/S+VUqXgLnsQ/09ylHvjbWTSUeRSNAByz95GiYy/+D7es8H763dxWPcoGvr2wEamlFToYa5Kr8hmeBnP5X+MoAZTohzouCmwRUexY1OH6V6TTG0Kycif8DPV0WMOQ+DHetWtBgQa+1UVhzCZrMcP1TbPQsLeDvp66xd1vhoiLd8LDnor3wCVGV+9e/vNj7F+LbhttehJ/VoI4xqWsa3MZIycVPCy1jt9xp9IIhUc8kLUXe2ROlOAYGzhCPWRghh48aNLpZvQfj3I7GuLh+HTZXjnNL9/b+b6ZpnwRopQaWrsPY6vmcgN+EW7heP3bOqi4V4CDFzo+WCHgWXKKiWgOXC63mc= Acer@DESKTOP-17NUB17\" # an SSH public key that is authorized\r\n        # to connect to this account\r\n# Run a few commands (update apt's repo indexes and install curl)\r\nruncmd:\r\n  - sudo apt-get update\r\n  - sudo apt install curl -q -y\r\n  - echo \"Done\"\r\n  # - echo \"ssh-rsa AAAAB3NzaC1yc2EAAAADAQABAAABgQDWv68zjy6/jE7hZzOYmENpVXpFOONlgO+TGRNmepBOEVwpy+KBHxmNU3mNiu6L2f6XX0hQ0KH5MrBR30/Udl8+82by+UG1Nrksa1tinIgDipvkIforn/IabLCee9QLdf5D9lDC94sJkOSF99Pkus4Q+nNqzfp8l5TEGbyT61bx2fsz7adL1oLBOxi/fwfDValSnPjZlglckL/PvWT3kLiVgw6X16XTw3M5k6UJ78coHLG7CTG02WLzVXdwkk7PBfTzj6IRO7WAE8MflP0Jfh57mUHr5sWteJf0prA9PLsNpUK8aGUCI0WhO+bvcweFKJQDeBrlNIxD7LSfGdT8e4tj3d0/qSWc0ZrXteoLZqYI2FT7jWf8G/G0pTVSTlaoioZ5ioZ6OIvC1+gUEf2X5iNFZBoAUtwadHTmJAAuBlWXbYwh6qOUgaGKtoC6f2LioKCK8f0M+di/2cZI05/h9A5R2hsOGu7nuFh8jBWKd85woDFqOoxNlN8N85hp+9UrYV8= gitlab_access\" \u003e /home/ubuntu/.ssh/authorized_keys\r\n"
            },
            "metadata_fingerprint": "kaA-fWbSPQk=",
            "metadata_startup_script": "#!/bin/bash\r\n\r\necho \"Server: compute\" \u003e/tmp/hello.log\r\n\r\nif [ -z \"$service\" ]; then\r\n    echo \"Usage: $0 \u003cservice\u003e\"\r\n    echo \"Please provide the service name: gitlab or jenkins\"\r\n    exit 1\r\nfi\r\n\r\n## Create Ansible project\r\ncd ~\r\nmkdir -p ansible_compute/vars\r\necho \"localhost\" \u003e ansible_compute/hosts\r\ncat \u003e \"ansible_compute/$file_path\" \u003c\u003c EOF\r\n---\r\n- name: Install GitLab or Jenkins\r\n  hosts: all\r\n  become: true\r\n\r\n  vars_files:\r\n    - vars/main.yml\r\n\r\n  vars:\r\n    jenkins_hostname: jenkins.example.com\r\n    java_packages:\r\n      - openjdk-11-jdk\r\n\r\n  roles:\r\n    - name: Install Java\r\n      when: server == 'jenkins'\r\n      role: geerlingguy.java\r\n\r\n    - name: Install Jenkins\r\n      when: server == 'jenkins'\r\n      role: geerlingguy.jenkins\r\n\r\n    - name: Install GitLab\r\n      when: server == 'gitlab'\r\n      role: geerlingguy.gitlab\r\nEOF\r\n\r\necho \"YAML content has been written to $file_path\"\r\n\r\ncase \"$service\" in\r\n    gitlab)\r\n        echo \"Starting GitLab...\"\r\n        ansible-playbook -i inventory.yml playbook.yml -e \"server=gitlab\"\r\n        \r\n        ;;\r\n    jenkins)\r\n        echo \"Starting Jenkins...\"\r\n        ansible-playbook -i inventory.yml playbook.yml -e \"server=jenkins\"\r\n        ;;\r\n    *)\r\n        echo \"Unknown service: $service\"\r\n        echo \"Please provide either 'gitlab' or 'jenkins'\"\r\n        exit 1\r\n        ;;\r\nesac\r\n",
            "min_cpu_platform": "",
            "name": "gitlab-node-luminous",
            "network_interface": [
              {
                "access_config": [
                  {
                    "nat_ip": "34.31.136.80",
                    "network_tier": "PREMIUM",
                    "public_ptr_domain_name": ""
                  }
                ],
                "alias_ip_range": [],
                "internal_ipv6_prefix_length": 0,
                "ipv6_access_config": [],
                "ipv6_access_type": "",
                "ipv6_address": "",
                "name": "nic0",
                "network": "https://www.googleapis.com/compute/v1/projects/playground-s-11-e6f535f7/global/networks/default",
                "network_ip": "10.128.0.2",
                "nic_type": "",
                "queue_count": 0,
                "stack_type": "IPV4_ONLY",
                "subnetwork": "https://www.googleapis.com/compute/v1/projects/playground-s-11-e6f535f7/regions/us-central1/subnetworks/default",
                "subnetwork_project": "playground-s-11-e6f535f7"
              }
            ],
            "network_performance_config": [],
            "params": [],
            "project": "playground-s-11-e6f535f7",
            "reservation_affinity": [],
            "resource_policies": null,
            "scheduling": [
              {
                "automatic_restart": true,
                "instance_termination_action": "",
                "local_ssd_recovery_timeout": [],
                "min_node_cpus": 0,
                "node_affinities": [],
                "on_host_maintenance": "MIGRATE",
                "preemptible": false,
                "provisioning_model": "STANDARD"
              }
            ],
            "scratch_disk": [],
            "self_link": "https://www.googleapis.com/compute/v1/projects/playground-s-11-e6f535f7/zones/us-central1-a/instances/gitlab-node-luminous",
            "service_account": [],
            "shielded_instance_config": [
              {
                "enable_integrity_monitoring": true,
                "enable_secure_boot": false,
                "enable_vtpm": true
              }
            ],
            "tags": null,
            "tags_fingerprint": "42WmSpB8rSM=",
            "terraform_labels": {},
            "timeouts": null,
            "zone": "us-central1-a"
          },
          "sensitive_attributes": [],
          "private": "eyJlMmJmYjczMC1lY2FhLTExZTYtOGY4OC0zNDM2M2JjN2M0YzAiOnsiY3JlYXRlIjoxMjAwMDAwMDAwMDAwLCJkZWxldGUiOjEyMDAwMDAwMDAwMDAsInVwZGF0ZSI6MTIwMDAwMDAwMDAwMH0sInNjaGVtYV92ZXJzaW9uIjoiNiJ9"
        }
      ]
    }
  ],
  "check_results": null
}
